// !$*UTF8*$!
{
	archiveVersion = 1;
	classes = {
	};
	objectVersion = 48;
	objects = {

/* Begin PBXBuildFile section */
		78019550202C64FD00225C61 /* AppDelegate.swift in Sources */ = {isa = PBXBuildFile; fileRef = 7801954F202C64FD00225C61 /* AppDelegate.swift */; };
		78019552202C64FD00225C61 /* PhotoBrowserViewController.swift in Sources */ = {isa = PBXBuildFile; fileRef = 78019551202C64FD00225C61 /* PhotoBrowserViewController.swift */; };
		78019555202C64FD00225C61 /* Main.storyboard in Resources */ = {isa = PBXBuildFile; fileRef = 78019553202C64FD00225C61 /* Main.storyboard */; };
		78019557202C64FD00225C61 /* Assets.xcassets in Resources */ = {isa = PBXBuildFile; fileRef = 78019556202C64FD00225C61 /* Assets.xcassets */; };
		7801955A202C64FD00225C61 /* LaunchScreen.storyboard in Resources */ = {isa = PBXBuildFile; fileRef = 78019558202C64FD00225C61 /* LaunchScreen.storyboard */; };
		7801956C202C66E900225C61 /* FlickrRequest.swift in Sources */ = {isa = PBXBuildFile; fileRef = 7801956B202C66E900225C61 /* FlickrRequest.swift */; };
		7801956F202C676A00225C61 /* FlickrResponse.swift in Sources */ = {isa = PBXBuildFile; fileRef = 7801956E202C676A00225C61 /* FlickrResponse.swift */; };
		78019571202C67A200225C61 /* FlickrItem.swift in Sources */ = {isa = PBXBuildFile; fileRef = 78019570202C67A200225C61 /* FlickrItem.swift */; };
		78019573202C689800225C61 /* CustomDecoder.swift in Sources */ = {isa = PBXBuildFile; fileRef = 78019572202C689800225C61 /* CustomDecoder.swift */; };
		78019575202C6C0E00225C61 /* FlickrMedia.swift in Sources */ = {isa = PBXBuildFile; fileRef = 78019574202C6C0E00225C61 /* FlickrMedia.swift */; };
		78019578202C6D7100225C61 /* PhotosBrowserDataSource.swift in Sources */ = {isa = PBXBuildFile; fileRef = 78019577202C6D7100225C61 /* PhotosBrowserDataSource.swift */; };
		7801957B202C6ED800225C61 /* PhotoCollectionViewCell.swift in Sources */ = {isa = PBXBuildFile; fileRef = 78019579202C6ED800225C61 /* PhotoCollectionViewCell.swift */; };
		7801957C202C6ED800225C61 /* PhotoCollectionViewCell.xib in Resources */ = {isa = PBXBuildFile; fileRef = 7801957A202C6ED800225C61 /* PhotoCollectionViewCell.xib */; };
		7801957F202C6FA600225C61 /* UICollectionView+nibs.swift in Sources */ = {isa = PBXBuildFile; fileRef = 7801957E202C6FA600225C61 /* UICollectionView+nibs.swift */; };
		78019581202C71F900225C61 /* DataRequest.swift in Sources */ = {isa = PBXBuildFile; fileRef = 78019580202C71F900225C61 /* DataRequest.swift */; };
		78019583202C99C000225C61 /* ImageFetcher.swift in Sources */ = {isa = PBXBuildFile; fileRef = 78019582202C99C000225C61 /* ImageFetcher.swift */; };
		78019585202C9FE900225C61 /* Array+safeIndex.swift in Sources */ = {isa = PBXBuildFile; fileRef = 78019584202C9FE900225C61 /* Array+safeIndex.swift */; };
		78019587202CA09C00225C61 /* ImageCache.swift in Sources */ = {isa = PBXBuildFile; fileRef = 78019586202CA09C00225C61 /* ImageCache.swift */; };
		78019589202CA8D500225C61 /* RemoteMedia.swift in Sources */ = {isa = PBXBuildFile; fileRef = 78019588202CA8D500225C61 /* RemoteMedia.swift */; };
		90217B1EFBE764A9B1B9F24B /* Pods_DemoProject.framework in Frameworks */ = {isa = PBXBuildFile; fileRef = D4E826F7C254CA0DD1AA34BC /* Pods_DemoProject.framework */; };
/* End PBXBuildFile section */

/* Begin PBXFileReference section */
		4D059E8EE980BBE527C72FEF /* Pods-DemoProject.debug.xcconfig */ = {isa = PBXFileReference; includeInIndex = 1; lastKnownFileType = text.xcconfig; name = "Pods-DemoProject.debug.xcconfig"; path = "Pods/Target Support Files/Pods-DemoProject/Pods-DemoProject.debug.xcconfig"; sourceTree = "<group>"; };
		7801954C202C64FD00225C61 /* DemoProject.app */ = {isa = PBXFileReference; explicitFileType = wrapper.application; includeInIndex = 0; path = DemoProject.app; sourceTree = BUILT_PRODUCTS_DIR; };
		7801954F202C64FD00225C61 /* AppDelegate.swift */ = {isa = PBXFileReference; lastKnownFileType = sourcecode.swift; path = AppDelegate.swift; sourceTree = "<group>"; };
		78019551202C64FD00225C61 /* PhotoBrowserViewController.swift */ = {isa = PBXFileReference; lastKnownFileType = sourcecode.swift; path = PhotoBrowserViewController.swift; sourceTree = "<group>"; };
		78019554202C64FD00225C61 /* Base */ = {isa = PBXFileReference; lastKnownFileType = file.storyboard; name = Base; path = Base.lproj/Main.storyboard; sourceTree = "<group>"; };
		78019556202C64FD00225C61 /* Assets.xcassets */ = {isa = PBXFileReference; lastKnownFileType = folder.assetcatalog; path = Assets.xcassets; sourceTree = "<group>"; };
		78019559202C64FD00225C61 /* Base */ = {isa = PBXFileReference; lastKnownFileType = file.storyboard; name = Base; path = Base.lproj/LaunchScreen.storyboard; sourceTree = "<group>"; };
		7801955B202C64FD00225C61 /* Info.plist */ = {isa = PBXFileReference; lastKnownFileType = text.plist.xml; path = Info.plist; sourceTree = "<group>"; };
		7801956B202C66E900225C61 /* FlickrRequest.swift */ = {isa = PBXFileReference; lastKnownFileType = sourcecode.swift; path = FlickrRequest.swift; sourceTree = "<group>"; };
		7801956E202C676A00225C61 /* FlickrResponse.swift */ = {isa = PBXFileReference; lastKnownFileType = sourcecode.swift; path = FlickrResponse.swift; sourceTree = "<group>"; };
		78019570202C67A200225C61 /* FlickrItem.swift */ = {isa = PBXFileReference; lastKnownFileType = sourcecode.swift; path = FlickrItem.swift; sourceTree = "<group>"; };
		78019572202C689800225C61 /* CustomDecoder.swift */ = {isa = PBXFileReference; lastKnownFileType = sourcecode.swift; path = CustomDecoder.swift; sourceTree = "<group>"; };
		78019574202C6C0E00225C61 /* FlickrMedia.swift */ = {isa = PBXFileReference; lastKnownFileType = sourcecode.swift; path = FlickrMedia.swift; sourceTree = "<group>"; };
		78019577202C6D7100225C61 /* PhotosBrowserDataSource.swift */ = {isa = PBXFileReference; lastKnownFileType = sourcecode.swift; path = PhotosBrowserDataSource.swift; sourceTree = "<group>"; };
		78019579202C6ED800225C61 /* PhotoCollectionViewCell.swift */ = {isa = PBXFileReference; lastKnownFileType = sourcecode.swift; path = PhotoCollectionViewCell.swift; sourceTree = "<group>"; };
		7801957A202C6ED800225C61 /* PhotoCollectionViewCell.xib */ = {isa = PBXFileReference; lastKnownFileType = file.xib; path = PhotoCollectionViewCell.xib; sourceTree = "<group>"; };
		7801957E202C6FA600225C61 /* UICollectionView+nibs.swift */ = {isa = PBXFileReference; lastKnownFileType = sourcecode.swift; path = "UICollectionView+nibs.swift"; sourceTree = "<group>"; };
		78019580202C71F900225C61 /* DataRequest.swift */ = {isa = PBXFileReference; lastKnownFileType = sourcecode.swift; path = DataRequest.swift; sourceTree = "<group>"; };
		78019582202C99C000225C61 /* ImageFetcher.swift */ = {isa = PBXFileReference; lastKnownFileType = sourcecode.swift; path = ImageFetcher.swift; sourceTree = "<group>"; };
		78019584202C9FE900225C61 /* Array+safeIndex.swift */ = {isa = PBXFileReference; lastKnownFileType = sourcecode.swift; path = "Array+safeIndex.swift"; sourceTree = "<group>"; };
		78019586202CA09C00225C61 /* ImageCache.swift */ = {isa = PBXFileReference; lastKnownFileType = sourcecode.swift; path = ImageCache.swift; sourceTree = "<group>"; };
		78019588202CA8D500225C61 /* RemoteMedia.swift */ = {isa = PBXFileReference; lastKnownFileType = sourcecode.swift; path = RemoteMedia.swift; sourceTree = "<group>"; };
		AA42623F59C2247E2F7EFB53 /* Pods-DemoProject.release.xcconfig */ = {isa = PBXFileReference; includeInIndex = 1; lastKnownFileType = text.xcconfig; name = "Pods-DemoProject.release.xcconfig"; path = "Pods/Target Support Files/Pods-DemoProject/Pods-DemoProject.release.xcconfig"; sourceTree = "<group>"; };
		D4E826F7C254CA0DD1AA34BC /* Pods_DemoProject.framework */ = {isa = PBXFileReference; explicitFileType = wrapper.framework; includeInIndex = 0; path = Pods_DemoProject.framework; sourceTree = BUILT_PRODUCTS_DIR; };
/* End PBXFileReference section */

/* Begin PBXFrameworksBuildPhase section */
		78019549202C64FD00225C61 /* Frameworks */ = {
			isa = PBXFrameworksBuildPhase;
			buildActionMask = 2147483647;
			files = (
				90217B1EFBE764A9B1B9F24B /* Pods_DemoProject.framework in Frameworks */,
			);
			runOnlyForDeploymentPostprocessing = 0;
		};
/* End PBXFrameworksBuildPhase section */

/* Begin PBXGroup section */
		028AE9FDD0290876E354A77E /* Frameworks */ = {
			isa = PBXGroup;
			children = (
				D4E826F7C254CA0DD1AA34BC /* Pods_DemoProject.framework */,
			);
			name = Frameworks;
			sourceTree = "<group>";
		};
		594B4B0F871A7A28B3DB17FC /* Pods */ = {
			isa = PBXGroup;
			children = (
				4D059E8EE980BBE527C72FEF /* Pods-DemoProject.debug.xcconfig */,
				AA42623F59C2247E2F7EFB53 /* Pods-DemoProject.release.xcconfig */,
			);
			name = Pods;
			sourceTree = "<group>";
		};
		78019543202C64FD00225C61 = {
			isa = PBXGroup;
			children = (
				7801954E202C64FD00225C61 /* DemoProject */,
				7801954D202C64FD00225C61 /* Products */,
				594B4B0F871A7A28B3DB17FC /* Pods */,
				028AE9FDD0290876E354A77E /* Frameworks */,
			);
			sourceTree = "<group>";
		};
		7801954D202C64FD00225C61 /* Products */ = {
			isa = PBXGroup;
			children = (
				7801954C202C64FD00225C61 /* DemoProject.app */,
			);
			name = Products;
			sourceTree = "<group>";
		};
		7801954E202C64FD00225C61 /* DemoProject */ = {
			isa = PBXGroup;
			children = (
				78019553202C64FD00225C61 /* Main.storyboard */,
				78019562202C654700225C61 /* features */,
				78019567202C65C500225C61 /* shared */,
				78019561202C653200225C61 /* supporting files */,
			);
			path = DemoProject;
			sourceTree = "<group>";
		};
		78019561202C653200225C61 /* supporting files */ = {
			isa = PBXGroup;
			children = (
				7801954F202C64FD00225C61 /* AppDelegate.swift */,
				78019556202C64FD00225C61 /* Assets.xcassets */,
				78019558202C64FD00225C61 /* LaunchScreen.storyboard */,
				7801955B202C64FD00225C61 /* Info.plist */,
			);
			path = "supporting files";
			sourceTree = "<group>";
		};
		78019562202C654700225C61 /* features */ = {
			isa = PBXGroup;
			children = (
				78019563202C655500225C61 /* Photo Browser */,
			);
			path = features;
			sourceTree = "<group>";
		};
		78019563202C655500225C61 /* Photo Browser */ = {
			isa = PBXGroup;
			children = (
				78019566202C657C00225C61 /* models */,
				78019565202C657800225C61 /* views */,
				78019564202C656F00225C61 /* controllers */,
			);
			path = "Photo Browser";
			sourceTree = "<group>";
		};
		78019564202C656F00225C61 /* controllers */ = {
			isa = PBXGroup;
			children = (
				78019551202C64FD00225C61 /* PhotoBrowserViewController.swift */,
			);
			path = controllers;
			sourceTree = "<group>";
		};
		78019565202C657800225C61 /* views */ = {
			isa = PBXGroup;
			children = (
				78019579202C6ED800225C61 /* PhotoCollectionViewCell.swift */,
				7801957A202C6ED800225C61 /* PhotoCollectionViewCell.xib */,
			);
			path = views;
			sourceTree = "<group>";
		};
		78019566202C657C00225C61 /* models */ = {
			isa = PBXGroup;
			children = (
				78019577202C6D7100225C61 /* PhotosBrowserDataSource.swift */,
			);
			path = models;
			sourceTree = "<group>";
		};
		78019567202C65C500225C61 /* shared */ = {
			isa = PBXGroup;
			children = (
				7801956D202C675100225C61 /* networking */,
				78019568202C65CF00225C61 /* models */,
				7801957D202C6F9500225C61 /* extensions */,
			);
			path = shared;
			sourceTree = "<group>";
		};
		78019568202C65CF00225C61 /* models */ = {
			isa = PBXGroup;
			children = (
				78019586202CA09C00225C61 /* ImageCache.swift */,
				78019588202CA8D500225C61 /* RemoteMedia.swift */,
				78019576202C6C9500225C61 /* flickr */,
			);
			path = models;
			sourceTree = "<group>";
		};
		7801956D202C675100225C61 /* networking */ = {
			isa = PBXGroup;
			children = (
				78019572202C689800225C61 /* CustomDecoder.swift */,
				7801956B202C66E900225C61 /* FlickrRequest.swift */,
				78019580202C71F900225C61 /* DataRequest.swift */,
				78019582202C99C000225C61 /* ImageFetcher.swift */,
			);
			path = networking;
			sourceTree = "<group>";
		};
		78019576202C6C9500225C61 /* flickr */ = {
			isa = PBXGroup;
			children = (
				7801956E202C676A00225C61 /* FlickrResponse.swift */,
				78019570202C67A200225C61 /* FlickrItem.swift */,
				78019574202C6C0E00225C61 /* FlickrMedia.swift */,
			);
			path = flickr;
			sourceTree = "<group>";
		};
		7801957D202C6F9500225C61 /* extensions */ = {
			isa = PBXGroup;
			children = (
				7801957E202C6FA600225C61 /* UICollectionView+nibs.swift */,
				78019584202C9FE900225C61 /* Array+safeIndex.swift */,
			);
			path = extensions;
			sourceTree = "<group>";
		};
/* End PBXGroup section */

/* Begin PBXNativeTarget section */
		7801954B202C64FD00225C61 /* DemoProject */ = {
			isa = PBXNativeTarget;
			buildConfigurationList = 7801955E202C64FD00225C61 /* Build configuration list for PBXNativeTarget "DemoProject" */;
			buildPhases = (
				42ABF258FF66CF53F90F38FA /* [CP] Check Pods Manifest.lock */,
				78019548202C64FD00225C61 /* Sources */,
				78019549202C64FD00225C61 /* Frameworks */,
				7801954A202C64FD00225C61 /* Resources */,
				B15F81012CDE7C8CA5B38F17 /* [CP] Embed Pods Frameworks */,
				CA81D43FDDA3B33ABB7DFB52 /* [CP] Copy Pods Resources */,
			);
			buildRules = (
			);
			dependencies = (
			);
			name = DemoProject;
			productName = DemoProject;
			productReference = 7801954C202C64FD00225C61 /* DemoProject.app */;
			productType = "com.apple.product-type.application";
		};
/* End PBXNativeTarget section */

/* Begin PBXProject section */
		78019544202C64FD00225C61 /* Project object */ = {
			isa = PBXProject;
			attributes = {
				LastSwiftUpdateCheck = 0920;
				LastUpgradeCheck = 0920;
				ORGANIZATIONNAME = Dunso;
				TargetAttributes = {
					7801954B202C64FD00225C61 = {
						CreatedOnToolsVersion = 9.2;
						ProvisioningStyle = Automatic;
					};
				};
			};
			buildConfigurationList = 78019547202C64FD00225C61 /* Build configuration list for PBXProject "DemoProject" */;
			compatibilityVersion = "Xcode 8.0";
			developmentRegion = en;
			hasScannedForEncodings = 0;
			knownRegions = (
				en,
				Base,
			);
			mainGroup = 78019543202C64FD00225C61;
			productRefGroup = 7801954D202C64FD00225C61 /* Products */;
			projectDirPath = "";
			projectRoot = "";
			targets = (
				7801954B202C64FD00225C61 /* DemoProject */,
			);
		};
/* End PBXProject section */

/* Begin PBXResourcesBuildPhase section */
		7801954A202C64FD00225C61 /* Resources */ = {
			isa = PBXResourcesBuildPhase;
			buildActionMask = 2147483647;
			files = (
				7801955A202C64FD00225C61 /* LaunchScreen.storyboard in Resources */,
				7801957C202C6ED800225C61 /* PhotoCollectionViewCell.xib in Resources */,
				78019557202C64FD00225C61 /* Assets.xcassets in Resources */,
				78019555202C64FD00225C61 /* Main.storyboard in Resources */,
			);
			runOnlyForDeploymentPostprocessing = 0;
		};
/* End PBXResourcesBuildPhase section */

/* Begin PBXShellScriptBuildPhase section */
		42ABF258FF66CF53F90F38FA /* [CP] Check Pods Manifest.lock */ = {
			isa = PBXShellScriptBuildPhase;
			buildActionMask = 2147483647;
			files = (
			);
			inputPaths = (
				"${PODS_PODFILE_DIR_PATH}/Podfile.lock",
				"${PODS_ROOT}/Manifest.lock",
			);
			name = "[CP] Check Pods Manifest.lock";
			outputPaths = (
				"$(DERIVED_FILE_DIR)/Pods-DemoProject-checkManifestLockResult.txt",
			);
			runOnlyForDeploymentPostprocessing = 0;
			shellPath = /bin/sh;
			shellScript = "diff \"${PODS_PODFILE_DIR_PATH}/Podfile.lock\" \"${PODS_ROOT}/Manifest.lock\" > /dev/null\nif [ $? != 0 ] ; then\n    # print error to STDERR\n    echo \"error: The sandbox is not in sync with the Podfile.lock. Run 'pod install' or update your CocoaPods installation.\" >&2\n    exit 1\nfi\n# This output is used by Xcode 'outputs' to avoid re-running this script phase.\necho \"SUCCESS\" > \"${SCRIPT_OUTPUT_FILE_0}\"\n";
			showEnvVarsInLog = 0;
		};
		B15F81012CDE7C8CA5B38F17 /* [CP] Embed Pods Frameworks */ = {
			isa = PBXShellScriptBuildPhase;
			buildActionMask = 2147483647;
			files = (
			);
			inputPaths = (
				"${SRCROOT}/Pods/Target Support Files/Pods-DemoProject/Pods-DemoProject-frameworks.sh",
				"${BUILT_PRODUCTS_DIR}/Alamofire/Alamofire.framework",
			);
			name = "[CP] Embed Pods Frameworks";
			outputPaths = (
				"${TARGET_BUILD_DIR}/${FRAMEWORKS_FOLDER_PATH}/Alamofire.framework",
			);
			runOnlyForDeploymentPostprocessing = 0;
			shellPath = /bin/sh;
			shellScript = "\"${SRCROOT}/Pods/Target Support Files/Pods-DemoProject/Pods-DemoProject-frameworks.sh\"\n";
			showEnvVarsInLog = 0;
		};
		CA81D43FDDA3B33ABB7DFB52 /* [CP] Copy Pods Resources */ = {
			isa = PBXShellScriptBuildPhase;
			buildActionMask = 2147483647;
			files = (
			);
			inputPaths = (
			);
			name = "[CP] Copy Pods Resources";
			outputPaths = (
			);
			runOnlyForDeploymentPostprocessing = 0;
			shellPath = /bin/sh;
			shellScript = "\"${SRCROOT}/Pods/Target Support Files/Pods-DemoProject/Pods-DemoProject-resources.sh\"\n";
			showEnvVarsInLog = 0;
		};
/* End PBXShellScriptBuildPhase section */

/* Begin PBXSourcesBuildPhase section */
		78019548202C64FD00225C61 /* Sources */ = {
			isa = PBXSourcesBuildPhase;
			buildActionMask = 2147483647;
			files = (
				7801957F202C6FA600225C61 /* UICollectionView+nibs.swift in Sources */,
				7801956F202C676A00225C61 /* FlickrResponse.swift in Sources */,
				78019585202C9FE900225C61 /* Array+safeIndex.swift in Sources */,
				78019571202C67A200225C61 /* FlickrItem.swift in Sources */,
				7801956C202C66E900225C61 /* FlickrRequest.swift in Sources */,
				78019552202C64FD00225C61 /* PhotoBrowserViewController.swift in Sources */,
				78019581202C71F900225C61 /* DataRequest.swift in Sources */,
				78019578202C6D7100225C61 /* PhotosBrowserDataSource.swift in Sources */,
				7801957B202C6ED800225C61 /* PhotoCollectionViewCell.swift in Sources */,
				78019583202C99C000225C61 /* ImageFetcher.swift in Sources */,
				78019550202C64FD00225C61 /* AppDelegate.swift in Sources */,
				78019573202C689800225C61 /* CustomDecoder.swift in Sources */,
				78019587202CA09C00225C61 /* ImageCache.swift in Sources */,
				78019575202C6C0E00225C61 /* FlickrMedia.swift in Sources */,
				78019589202CA8D500225C61 /* RemoteMedia.swift in Sources */,
			);
			runOnlyForDeploymentPostprocessing = 0;
		};
/* End PBXSourcesBuildPhase section */

/* Begin PBXVariantGroup section */
		78019553202C64FD00225C61 /* Main.storyboard */ = {
			isa = PBXVariantGroup;
			children = (
				78019554202C64FD00225C61 /* Base */,
			);
			name = Main.storyboard;
			sourceTree = "<group>";
		};
		78019558202C64FD00225C61 /* LaunchScreen.storyboard */ = {
			isa = PBXVariantGroup;
			children = (
				78019559202C64FD00225C61 /* Base */,
			);
			name = LaunchScreen.storyboard;
			sourceTree = "<group>";
		};
/* End PBXVariantGroup section */

/* Begin XCBuildConfiguration section */
		7801955C202C64FD00225C61 /* Debug */ = {
			isa = XCBuildConfiguration;
			buildSettings = {
				ALWAYS_SEARCH_USER_PATHS = NO;
				CLANG_ANALYZER_NONNULL = YES;
				CLANG_ANALYZER_NUMBER_OBJECT_CONVERSION = YES_AGGRESSIVE;
				CLANG_CXX_LANGUAGE_STANDARD = "gnu++14";
				CLANG_CXX_LIBRARY = "libc++";
				CLANG_ENABLE_MODULES = YES;
				CLANG_ENABLE_OBJC_ARC = YES;
				CLANG_WARN_BLOCK_CAPTURE_AUTORELEASING = YES;
				CLANG_WARN_BOOL_CONVERSION = YES;
				CLANG_WARN_COMMA = YES;
				CLANG_WARN_CONSTANT_CONVERSION = YES;
				CLANG_WARN_DIRECT_OBJC_ISA_USAGE = YES_ERROR;
				CLANG_WARN_DOCUMENTATION_COMMENTS = YES;
				CLANG_WARN_EMPTY_BODY = YES;
				CLANG_WARN_ENUM_CONVERSION = YES;
				CLANG_WARN_INFINITE_RECURSION = YES;
				CLANG_WARN_INT_CONVERSION = YES;
				CLANG_WARN_NON_LITERAL_NULL_CONVERSION = YES;
				CLANG_WARN_OBJC_LITERAL_CONVERSION = YES;
				CLANG_WARN_OBJC_ROOT_CLASS = YES_ERROR;
				CLANG_WARN_RANGE_LOOP_ANALYSIS = YES;
				CLANG_WARN_STRICT_PROTOTYPES = YES;
				CLANG_WARN_SUSPICIOUS_MOVE = YES;
				CLANG_WARN_UNGUARDED_AVAILABILITY = YES_AGGRESSIVE;
				CLANG_WARN_UNREACHABLE_CODE = YES;
				CLANG_WARN__DUPLICATE_METHOD_MATCH = YES;
				CODE_SIGN_IDENTITY = "iPhone Developer";
				COPY_PHASE_STRIP = NO;
				DEBUG_INFORMATION_FORMAT = dwarf;
				ENABLE_STRICT_OBJC_MSGSEND = YES;
				ENABLE_TESTABILITY = YES;
				GCC_C_LANGUAGE_STANDARD = gnu11;
				GCC_DYNAMIC_NO_PIC = NO;
				GCC_NO_COMMON_BLOCKS = YES;
				GCC_OPTIMIZATION_LEVEL = 0;
				GCC_PREPROCESSOR_DEFINITIONS = (
					"DEBUG=1",
					"$(inherited)",
				);
				GCC_WARN_64_TO_32_BIT_CONVERSION = YES;
				GCC_WARN_ABOUT_RETURN_TYPE = YES_ERROR;
				GCC_WARN_UNDECLARED_SELECTOR = YES;
				GCC_WARN_UNINITIALIZED_AUTOS = YES_AGGRESSIVE;
				GCC_WARN_UNUSED_FUNCTION = YES;
				GCC_WARN_UNUSED_VARIABLE = YES;
				IPHONEOS_DEPLOYMENT_TARGET = 11.2;
				MTL_ENABLE_DEBUG_INFO = YES;
				ONLY_ACTIVE_ARCH = YES;
				SDKROOT = iphoneos;
				SWIFT_ACTIVE_COMPILATION_CONDITIONS = DEBUG;
				SWIFT_OPTIMIZATION_LEVEL = "-Onone";
			};
			name = Debug;
		};
		7801955D202C64FD00225C61 /* Release */ = {
			isa = XCBuildConfiguration;
			buildSettings = {
				ALWAYS_SEARCH_USER_PATHS = NO;
				CLANG_ANALYZER_NONNULL = YES;
				CLANG_ANALYZER_NUMBER_OBJECT_CONVERSION = YES_AGGRESSIVE;
				CLANG_CXX_LANGUAGE_STANDARD = "gnu++14";
				CLANG_CXX_LIBRARY = "libc++";
				CLANG_ENABLE_MODULES = YES;
				CLANG_ENABLE_OBJC_ARC = YES;
				CLANG_WARN_BLOCK_CAPTURE_AUTORELEASING = YES;
				CLANG_WARN_BOOL_CONVERSION = YES;
				CLANG_WARN_COMMA = YES;
				CLANG_WARN_CONSTANT_CONVERSION = YES;
				CLANG_WARN_DIRECT_OBJC_ISA_USAGE = YES_ERROR;
				CLANG_WARN_DOCUMENTATION_COMMENTS = YES;
				CLANG_WARN_EMPTY_BODY = YES;
				CLANG_WARN_ENUM_CONVERSION = YES;
				CLANG_WARN_INFINITE_RECURSION = YES;
				CLANG_WARN_INT_CONVERSION = YES;
				CLANG_WARN_NON_LITERAL_NULL_CONVERSION = YES;
				CLANG_WARN_OBJC_LITERAL_CONVERSION = YES;
				CLANG_WARN_OBJC_ROOT_CLASS = YES_ERROR;
				CLANG_WARN_RANGE_LOOP_ANALYSIS = YES;
				CLANG_WARN_STRICT_PROTOTYPES = YES;
				CLANG_WARN_SUSPICIOUS_MOVE = YES;
				CLANG_WARN_UNGUARDED_AVAILABILITY = YES_AGGRESSIVE;
				CLANG_WARN_UNREACHABLE_CODE = YES;
				CLANG_WARN__DUPLICATE_METHOD_MATCH = YES;
				CODE_SIGN_IDENTITY = "iPhone Developer";
				COPY_PHASE_STRIP = NO;
				DEBUG_INFORMATION_FORMAT = "dwarf-with-dsym";
				ENABLE_NS_ASSERTIONS = NO;
				ENABLE_STRICT_OBJC_MSGSEND = YES;
				GCC_C_LANGUAGE_STANDARD = gnu11;
				GCC_NO_COMMON_BLOCKS = YES;
				GCC_WARN_64_TO_32_BIT_CONVERSION = YES;
				GCC_WARN_ABOUT_RETURN_TYPE = YES_ERROR;
				GCC_WARN_UNDECLARED_SELECTOR = YES;
				GCC_WARN_UNINITIALIZED_AUTOS = YES_AGGRESSIVE;
				GCC_WARN_UNUSED_FUNCTION = YES;
				GCC_WARN_UNUSED_VARIABLE = YES;
				IPHONEOS_DEPLOYMENT_TARGET = 11.2;
				MTL_ENABLE_DEBUG_INFO = NO;
				SDKROOT = iphoneos;
				SWIFT_OPTIMIZATION_LEVEL = "-Owholemodule";
				VALIDATE_PRODUCT = YES;
			};
			name = Release;
		};
		7801955F202C64FD00225C61 /* Debug */ = {
			isa = XCBuildConfiguration;
			baseConfigurationReference = 4D059E8EE980BBE527C72FEF /* Pods-DemoProject.debug.xcconfig */;
			buildSettings = {
				ASSETCATALOG_COMPILER_APPICON_NAME = AppIcon;
				CODE_SIGN_STYLE = Automatic;
				DEVELOPMENT_TEAM = ZB553URN3H;
				INFOPLIST_FILE = "$(SRCROOT)/DemoProject/supporting files/Info.plist";
				LD_RUNPATH_SEARCH_PATHS = "$(inherited) @executable_path/Frameworks";
				PRODUCT_BUNDLE_IDENTIFIER = se.dunso.DemoProject;
				PRODUCT_NAME = "$(TARGET_NAME)";
				SWIFT_VERSION = 4.0;
				TARGETED_DEVICE_FAMILY = "1,2";
			};
			name = Debug;
		};
		78019560202C64FD00225C61 /* Release */ = {
			isa = XCBuildConfiguration;
			baseConfigurationReference = AA42623F59C2247E2F7EFB53 /* Pods-DemoProject.release.xcconfig */;
			buildSettings = {
				ASSETCATALOG_COMPILER_APPICON_NAME = AppIcon;
				CODE_SIGN_STYLE = Automatic;
				DEVELOPMENT_TEAM = ZB553URN3H;
				INFOPLIST_FILE = "$(SRCROOT)/DemoProject/supporting files/Info.plist";
				LD_RUNPATH_SEARCH_PATHS = "$(inherited) @executable_path/Frameworks";
				PRODUCT_BUNDLE_IDENTIFIER = se.dunso.DemoProject;
				PRODUCT_NAME = "$(TARGET_NAME)";
				SWIFT_VERSION = 4.0;
				TARGETED_DEVICE_FAMILY = "1,2";
			};
			name = Release;
		};
/* End XCBuildConfiguration section */

/* Begin XCConfigurationList section */
		78019547202C64FD00225C61 /* Build configuration list for PBXProject "DemoProject" */ = {
			isa = XCConfigurationList;
			buildConfigurations = (
				7801955C202C64FD00225C61 /* Debug */,
				7801955D202C64FD00225C61 /* Release */,
			);
			defaultConfigurationIsVisible = 0;
			defaultConfigurationName = Release;
		};
		7801955E202C64FD00225C61 /* Build configuration list for PBXNativeTarget "DemoProject" */ = {
			isa = XCConfigurationList;
			buildConfigurations = (
				7801955F202C64FD00225C61 /* Debug */,
				78019560202C64FD00225C61 /* Release */,
			);
			defaultConfigurationIsVisible = 0;
			defaultConfigurationName = Release;
		};
/* End XCConfigurationList section */
	};
	rootObject = 78019544202C64FD00225C61 /* Project object */;
}
